github.com/DataDog/datadog-go/v5 v5.2.0 h1:kSptqUGSNK67DgA+By3rwtFnAh6pTBxJ7Hn8JCLZcKY=
github.com/DataDog/datadog-go/v5 v5.2.0/go.mod h1:XRDJk1pTc00gm+ZDiBKsjh7oOOtJfYfglVCmFb8C2+Q=
github.com/Microsoft/go-winio v0.5.0/go.mod h1:JPGBdM1cNvN/6ISo+n8V5iA4v8pBzdOpzfwIujj1a84=
github.com/Microsoft/go-winio v0.6.0 h1:slsWYD/zyx7lCXoZVlvQrj0hPTM1HI4+v1sIda2yDvg=
github.com/Microsoft/go-winio v0.6.0/go.mod h1:cTAf44im0RAYeL23bpB+fzCyDH2MJiz2BO69KH/soAE=
github.com/TouchBistro/awesome v0.0.9 h1:SAHFKmFchahj/hVF5SFMlCg4f2X9cr8hRxrbH20WL0g=
github.com/TouchBistro/awesome v0.0.9/go.mod h1:wUw1y9uPTron9FI38ZPhjs+F0RaUPijDDky2qx5aNh0=
github.com/TouchBistro/goutils v0.4.0 h1:RlztrXF6QKnIHr9sIszPOMuzhKswyNAP2jy3FILy7/k=
github.com/TouchBistro/goutils v0.4.0/go.mod h1:uRd3bZsDssmiTjmtQgEbELM39MKaLrgmHqwsiWuYHfo=
github.com/aws/aws-sdk-go-v2 v1.43.0 h1:fharf/WhbRAVZ1du0QL7roNFxZ6T/sWr+4Ni617bwSI=
github.com/aws/aws-sdk-go-v2 v1.43.0/go.mod h1:5pKeft2eJj+gElQ38Jqg4ibCqh+/AK33/0X3hip7IjM=
github.com/aws/aws-sdk-go-v2/aws/protocol/eventstream v1.7.1 h1:i8p8P4diljCr60PpJp6qZXNlgX4m2yQFpYk+9ZT+J4E=
github.com/aws/aws-sdk-go-v2/aws/protocol/eventstream v1.7.1/go.mod h1:ddqbooRZYNoJ2dsTwOty16rM+/Aqmk/GOXrK8cg7V00=
github.com/aws/aws-sdk-go-v2/config v1.27.16 h1:knpCuH7laFVGYTNd99Ns5t+8PuRjDn4HnnZK48csipM=
github.com/aws/aws-sdk-go-v2/config v1.27.16/go.mod h1:vutqgRhDUktwSge3hrC3nkuirzkJ4E/mLj5GvI0BQas=
github.com/aws/aws-sdk-go-v2/credentials v1.17.16 h1:7d2QxY83uYl0l58ceyiSpxg9bSbStqBC6BeEeHEchwo=
github.com/aws/aws-sdk-go-v2/credentials v1.17.16/go.mod h1:Ae6li/6Yc6eMzysRL2BXlPYvnrLLBg3D11/AmOjw50k=
github.com/aws/aws-sdk-go-v2/feature/ec2/imds v1.16.3 h1:dQLK4TjtnlRGb0czOht2CevZ5l6RSyRWAnKeGd7VAFE=
github.com/aws/aws-sdk-go-v2/feature/ec2/imds v1.16.3/go.mod h1:TL79f2P6+8Q7dTsILpiVST+AL9lkF6PPGI167Ny0Cjw=
github.com/aws/aws-sdk-go-v2/internal/configsources v1.4.31 h1:Z8F3hfCY33IGpJjFAnv0wvtv1FIKj1GHmRDEYqy64tw=
github.com/aws/aws-sdk-go-v2/internal/configsources v1.4.31/go.mod h1:aVyUoytEyOViR6jhq6jula0xkc5NfBE2hgeF6BvOrao=
github.com/aws/aws-sdk-go-v2/internal/endpoints/v2 v2.7.31 h1:hyOxUyXdh3AyjE93gBgsfziJag9ACwcs+ZpDBLzi8mw=
github.com/aws/aws-sdk-go-v2/internal/endpoints/v2 v2.7.31/go.mod h1:OERqI9k0draSLB8O8woxY3q25ZWTELRK4RRoLMuMZFo=
github.com/aws/aws-sdk-go-v2/internal/ini v1.8.0 h1:hT8rVHwugYE2lEfdFE0QWVo81lF7jMrYJVDWI+f+VxU=
github.com/aws/aws-sdk-go-v2/internal/ini v1.8.0/go.mod h1:8tu/lYfQfFe6IGnaOdrpVgEL2IrrDOf6/m9RQum4NkY=
github.com/aws/aws-sdk-go-v2/internal/v4a v1.3.3 h1:mDnFOE2sVkyphMWtTH+stv0eW3k0OTx94K63xpxHty4=
github.com/aws/aws-sdk-go-v2/internal/v4a v1.3.3/go.mod h1:V8MuRVcCRt5h1S+Fwu8KbC7l/gBGo3yBAyUbJM2IJOk=
github.com/aws/aws-sdk-go-v2/service/acm v1.25.1 h1:PwTzrPPB/L3vasKiNwmTpprzWEaHItCCdK7MJZf+jlE=
github.com/aws/aws-sdk-go-v2/service/acm v1.25.1/go.mod h1:qqnNK9+yQECVaR2XiY7CNp3CfsomNDUEGOYGlQk4qWU=
github.com/aws/aws-sdk-go-v2/service/applicationautoscaling v1.27.1 h1:yn0Hz2Vj6Vux8l8TlHc4WKtDieVeda2B56f6M4k57tY=
github.com/aws/aws-sdk-go-v2/service/applicationautoscaling v1.27.1/go.mod h1:GIHdvznleuigVz56I5MOjznlYGg+XvktCr9LiOPtjgE=
github.com/aws/aws-sdk-go-v2/service/autoscaling v1.40.1 h1:xlPXizuvad8WeLOZu77k5cvAbjDmnhvCu0cyqhPCavM=
github.com/aws/aws-sdk-go-v2/service/autoscaling v1.40.1/go.mod h1:g+K5WaPD3zegO3keZ8kV4dzPzU80aypAXSCXy7WL5xo=
github.com/aws/aws-sdk-go-v2/service/bedrock v1.59.0 h1:iddGKq5eJ8ABEDE543752cUuI0mSAJOBDuoC1RcS+bQ=
github.com/aws/aws-sdk-go-v2/service/bedrock v1.59.0/go.mod h1:C8KxG3IPteAlDQUCBVIXfkn81kDh9iIBZ4SS8B5UbDE=
github.com/aws/aws-sdk-go-v2/service/cloudfront v1.67.0 h1:im/ncpA+Jk0vM65L/PCtsYf6fK87PJNjSxwHpHvICp0=
github.com/aws/aws-sdk-go-v2/service/cloudfront v1.67.0/go.mod h1:qoIp6DWjzOuSXA1htGaDv8E2Olj0O3TYPikdjfv2wKc=
github.com/aws/aws-sdk-go-v2/service/cloudwatch v1.36.1 h1:mQySuI87thHtcbZvEDjwUROGWikU6fqgpHklCBXpJU4=
github.com/aws/aws-sdk-go-v2/service/cloudwatch v1.36.1/go.mod h1:Z1ThUUTuCO9PArtiQsTmBGBv+38NGj+795Zl0n1jgiM=
github.com/aws/aws-sdk-go-v2/service/cloudwatchlogs v1.34.1 h1:E2Vo3vuhqqrWCnvKwvGguRafDtcOEYY6PBghdI7VfpI=
github.com/aws/aws-sdk-go-v2/service/cloudwatchlogs v1.34.1/go.mod h1:Sh1CtJhB9RWJYiAC1ftPL/okZl4sI82tJ2O8evbUlIs=
github.com/aws/aws-sdk-go-v2/service/dynamodb v1.50.5 h1:BX2h98b2Jz3PvWxoxdf+xJXm728Ho8yNdkxX1ANlNTM=
github.com/aws/aws-sdk-go-v2/service/dynamodb v1.50.5/go.mod h1:AdM9p8Ytg90UaNYrZIsOivYeC5cDvTPC2Mqw4/2f2aM=
github.com/aws/aws-sdk-go-v2/service/ec2 v1.162.0 h1:A1YMX7uMzXhfIEL9zc5049oQgSaH4ZeXx/sOth0dk/I=
github.com/aws/aws-sdk-go-v2/service/ec2 v1.162.0/go.mod h1:iJ2sQeUTkjNp3nL7kE/Bav0xXYhtiRCRP5ZXk4jFhCQ=
github.com/aws/aws-sdk-go-v2/service/ecs v1.41.1 h1:h1oi77d7nGeM7DvResjebSnhdBVJZefd/eCT+DGjhY4=
github.com/aws/aws-sdk-go-v2/service/ecs v1.41.1/go.mod h1:1yaOxYWYHZtn7CLrHCJWjzHcazl/EVsRIcNfIsBLg3I=
github.com/aws/aws-sdk-go-v2/service/efs v1.34.2 h1:gV7yKX8euN6W9vXiPutShochfx5ren706E9D0qsoOjo=
github.com/aws/aws-sdk-go-v2/service/efs v1.34.2/go.mod h1:SB5IpCGoPDDTpf7wMLVtq5MRsad+vqIMONmJf/l4nqY=
github.com/aws/aws-sdk-go-v2/service/elasticloadbalancingv2 v1.30.1 h1:eDD7nyDlMxlkGhWu0n92LYkuSQIIEwN5CffwiMDohh0=
github.com/aws/aws-sdk-go-v2/service/elasticloadbalancingv2 v1.30.1/go.mod h1:DGUI2cbxu24m0rNOm7DDmrCtTzR0U0FqE3XpBkR8+r8=
github.com/aws/aws-sdk-go-v2/service/eventbridge v1.30.1 h1:X/6OGGXcTXxn3O2xF/ooH9AjXagY2hVx2SsoV2U8N90=
github.com/aws/aws-sdk-go-v2/service/eventbridge v1.30.1/go.mod h1:n3zC4bEGdZFXVAtnonfOGPAQtJ8fTQeG2g/IuUEJKeU=
github.com/aws/aws-sdk-go-v2/service/firehose v1.37.4 h1:n4Txba4IeWG8b/OeylAasWWCemjrULcwMGXM1ES2n3E=
github.com/aws/aws-sdk-go-v2/service/firehose v1.37.4/go.mod h1:6i3MXkR7cPgCVGgtCwxl7NEmdgkYgNRUmGGONMo9ehc=
github.com/aws/aws-sdk-go-v2/service/glue v1.137.0 h1:gPQ3FlHOFQELCiNSc76CS9B1G7wBT73PktKG64Q3tRc=
github.com/aws/aws-sdk-go-v2/service/glue v1.137.0/go.mod h1:B6g7dsUUg4QUcH6zou32L1LDXjgtk/YjVFcu09jXv10=
github.com/aws/aws-sdk-go-v2/service/iam v1.31.1 h1:3l4/wmvUjTbGfk/YJBkKub4cVbDdvJ9YMOQmopXc2T8=
github.com/aws/aws-sdk-go-v2/service/iam v1.31.1/go.mod h1:EeqEwkHICgkdmzBAJ46zbS4lhvFy563MOuNlEHU59T4=
github.com/aws/aws-sdk-go-v2/service/internal/accept-encoding v1.13.1 h1:oegbebPEMA/1Jny7kvwejowCaHz1FWZAQ94WXFNCyTM=
github.com/aws/aws-sdk-go-v2/service/internal/accept-encoding v1.13.1/go.mod h1:kemo5Myr9ac0U9JfSjMo9yHLtw+pECEHsFtJ9tqCEI8=
github.com/aws/aws-sdk-go-v2/service/internal/checksum v1.3.5 h1:mbWNpfRUTT6bnacmvOTKXZjR/HycibdWzNpfbrbLDIs=
github.com/aws/aws-sdk-go-v2/service/internal/checksum v1.3.5/go.mod h1:FCOPWGjsshkkICJIn9hq9xr6dLKtyaWpuUojiN3W1/8=
github.com/aws/aws-sdk-go-v2/service/internal/endpoint-discovery v1.11.9 h1:7ILIzhRlYbHmZDdkF15B+RGEO8sGbdSe0RelD0RcV6M=
github.com/aws/aws-sdk-go-v2/service/internal/endpoint-discovery v1.11.9/go.mod h1:6LLPgzztobazqK65Q5qYsFnxwsN0v6cktuIvLC5M7DM=
github.com/aws/aws-sdk-go-v2/service/internal/presigned-url v1.11.9 h1:Wx0rlZoEJR7JwlSZcHnEa7CNjrSIyVxMFWGAaXy4fJY=
github.com/aws/aws-sdk-go-v2/service/internal/presigned-url v1.11.9/go.mod h1:aVMHdE0aHO3v+f/iw01fmXV/5DbfQ3Bi9nN7nd9bE9Y=
github.com/aws/aws-sdk-go-v2/service/internal/s3shared v1.17.3 h1:4t+QEX7BsXz98W8W1lNvMAG+NX8qHz2CjLBxQKku40g=
github.com/aws/aws-sdk-go-v2/service/internal/s3shared v1.17.3/go.mod h1:oFcjjUq5Hm09N9rpxTdeMeLeQcxS7mIkBkL8qUKng+A=
github.com/aws/aws-sdk-go-v2/service/kafka v1.39.2 h1:E2YG/t/JoVPPqJaAzjj9KheMeNFShnHsuF1WcTLLtYI=
github.com/aws/aws-sdk-go-v2/service/kafka v1.39.2/go.mod h1:+9NIh+Gy66wZf5I3XLog+2pxKSWwOV82D3oTZ9It3eE=
github.com/aws/aws-sdk-go-v2/service/kafkaconnect v1.23.2 h1:XxStUiePAZKkNXj7gwG9qTfisPsI7XGQ3RHcBiQyyRw=
github.com/aws/aws-sdk-go-v2/service/kafkaconnect v1.23.2/go.mod h1:QONLxo22UI81IW/Vn0q6g9IUug3l+gwiHssWx3UJuiA=
github.com/aws/aws-sdk-go-v2/service/kms v1.53.4 h1:PEgVSsWtR8NNxsDxFL2Ywisi7R+1EFQARGsT4q3mWwI=
github.com/aws/aws-sdk-go-v2/service/kms v1.53.4/go.mod h1:3EeKyDGPGSCEphG2OolwNGNF45RvQIfm27AYYpfEWrw=
github.com/aws/aws-sdk-go-v2/service/lambda v1.77.6 h1:bU48NwA1e9jFkng1qYUVQjdJFEIv0oxhDO/Zz57M5IU=
github.com/aws/aws-sdk-go-v2/service/lambda v1.77.6/go.mod h1:LFNm6TvaFI2Li7U18hJB++k+qH5nK3TveIFD7x9TFHc=
github.com/aws/aws-sdk-go-v2/service/rds v1.74.0 h1:gkhHVZ7DUu6I6tIezOMqcBHCq9iiYqNXL5avh0qmxP0=
github.com/aws/aws-sdk-go-v2/service/rds v1.74.0/go.mod h1:VwhpZOXYa/PPsZgcGpXFNe5bdL4Rlcv+1Z7nGKX8MVI=
github.com/aws/aws-sdk-go-v2/service/resourcegroupstaggingapi v1.26.6 h1:PwbxovpcJvb25k019bkibvJfCpCmIANOFrXZIFPmRzk=
github.com/aws/aws-sdk-go-v2/service/resourcegroupstaggingapi v1.26.6/go.mod h1:Z4xLt5mXspLKjBV92i165wAJ/3T6TIv4n7RtIS8pWV0=
github.com/aws/aws-sdk-go-v2/service/route53 v1.40.1 h1:NRKxGOS+FKUA84EfbgkLCleBnfar+eXh5npW/3VgMQk=
github.com/aws/aws-sdk-go-v2/service/route53 v1.40.1/go.mod h1:7Wa9sIDxey/5b2FK5r1Z6ryVfojt4Nl+VzzpK8q1L+M=
github.com/aws/aws-sdk-go-v2/service/s3 v1.51.4 h1:lW5xUzOPGAMY7HPuNF4FdyBwRc3UJ/e8KsapbesVeNU=
github.com/aws/aws-sdk-go-v2/service/s3 v1.51.4/go.mod h1:MGTaf3x/+z7ZGugCGvepnx2DS6+caCYYqKhzVoLNYPk=
github.com/aws/aws-sdk-go-v2/service/secretsmanager v1.28.1 h1:DtKw4TxZT3VrzYupXQJPBqT9ImyobZZE+JIQPPAVxqs=
github.com/aws/aws-sdk-go-v2/service/secretsmanager v1.28.1/go.mod h1:bit9G2ORpSjUTr4PA4usvbBfbOyvMj0LbE1dXF14Sug=
github.com/aws/aws-sdk-go-v2/service/servicediscovery v1.29.1 h1:RMJ3htjgChCmaM5FJJgOMekoF9cWOwIyMWJC+rWGy7U=
github.com/aws/aws-sdk-go-v2/service/servicediscovery v1.29.1/go.mod h1:bh7YLwL0Tb/xm29aJ1y7tJEWiF/SdtR+F2q5Nzdxrmk=
github.com/aws/aws-sdk-go-v2/service/sfn v1.26.2 h1:cfwTYyjuoWCBk5OFo+BMBoklQOCgmhvooeQD+IBD9QA=
github.com/aws/aws-sdk-go-v2/service/sfn v1.26.2/go.mod h1:f1L1u3X+8Wf6+sYRLJNiplkCE3uNxeRa9CSoHn32Pgc=
github.com/aws/aws-sdk-go-v2/service/sns v1.31.3 h1:eSTEdxkfle2G98FE+Xl3db/XAXXVTJPNQo9K/Ar8oAI=
github.com/aws/aws-sdk-go-v2/service/sns v1.31.3/go.mod h1:1dn0delSO3J69THuty5iwP0US2Glt0mx2qBBlI13pvw=
github.com/aws/aws-sdk-go-v2/service/sqs v1.31.1 h1:124rVNP6NbCfBZwiX1kfjMQrnsJtnpKeB0GalkuqSXo=
github.com/aws/aws-sdk-go-v2/service/sqs v1.31.1/go.mod h1:YijRvM1SAmuiIQ9pjfwahIEE3HMHUkx9P5oplL/Jnj4=
github.com/aws/aws-sdk-go-v2/service/sso v1.20.9 h1:aD7AGQhvPuAxlSUfo0CWU7s6FpkbyykMhGYMvlqTjVs=
github.com/aws/aws-sdk-go-v2/service/sso v1.20.9/go.mod h1:c1qtZUWtygI6ZdvKppzCSXsDOq5I4luJPZ0Ud3juFCA=
github.com/aws/aws-sdk-go-v2/service/ssooidc v1.24.3 h1:Pav5q3cA260Zqez42T9UhIlsd9QeypszRPwC9LdSSsQ=
github.com/aws/aws-sdk-go-v2/service/ssooidc v1.24.3/go.mod h1:9lmoVDVLz/yUZwLaQ676TK02fhCu4+PgRSmMaKR1ozk=
github.com/aws/aws-sdk-go-v2/service/sts v1.28.10 h1:69tpbPED7jKPyzMcrwSvhWcJ9bPnZsZs18NT40JwM0g=
github.com/aws/aws-sdk-go-v2/service/sts v1.28.10/go.mod h1:0Aqn1MnEuitqfsCNyKsdKLhDUOr4txD/g19EfiUqgws=
github.com/aws/aws-sdk-go-v2/service/wafv2 v1.60.1 h1:LMNN0VN6bw+SLySSa8ICYpZ+/aFZGf/lmq2hNVUYdqo=
github.com/aws/aws-sdk-go-v2/service/wafv2 v1.60.1/go.mod h1:Zai6/lANvFn0uX9OKqPGy4C9a7TIcbnlzzM1EHTd3kE=
github.com/aws/smithy-go v1.27.3 h1:F3Zb497UhhskkfpJmfkXswyo+t0sh9OTBnIHjogWbVY=
github.com/aws/smithy-go v1.27.3/go.mod h1:YE2RhdIuDbA5E5bTdciG9KrW3+TiEONeUWCqxX9i1Fc=
github.com/cpuguy83/go-md2man/v2 v2.0.2/go.mod h1:tgQtvFlXSQOSOSIRvRPT7W67SCa46tRHOmNcaadrF8o=
github.com/davecgh/go-spew v1.1.0/go.mod h1:J7Y8YcW2NihsgmVo/mv3lAwl/skON4iLHjSsI+c5H38=
github.com/davecgh/go-spew v1.1.1 h1:vj9j/u1bqnvCEfJOwUhtlOARqs3+rkHYY13jYWTU97c=
github.com/davecgh/go-spew v1.1.1/go.mod h1:J7Y8YcW2NihsgmVo/mv3lAwl/skON4iLHjSsI+c5H38=
github.com/frankban/quicktest v1.14.6 h1:7Xjx+VpznH+oBnejlPUj8oUpdxnVs4f8XU8WnHkI4W8=
github.com/frankban/quicktest v1.14.6/go.mod h1:4ptaffx2x8+WTWXmUCuVU6aPUX1/Mz7zb5vbUoiM6w0=
github.com/fsnotify/fsnotify v1.8.0 h1:dAwr6QBTBZIkG8roQaJjGof0pp0EeF+tNV7YBP3F/8M=
github.com/fsnotify/fsnotify v1.8.0/go.mod h1:8jBTzvmWwFyi3Pb8djgCCO5IBqzKJ/Jwo8TRcHyHii0=
github.com/go-viper/mapstructure/v2 v2.2.1 h1:ZAaOCxANMuZx5RCeg0mBdEZk7DZasvvZIxtHqx8aGss=
github.com/go-viper/mapstructure/v2 v2.2.1/go.mod h1:oJDH3BJKyqBA2TXFhDsKDGDTlndYOZ6rGS0BRZIxGhM=
github.com/golang/mock v1.6.0/go.mod h1:p6yTPP+5HYm5mzsMV8JkE6ZKdX+/wYM6Hr+LicevLPs=
github.com/google/go-cmp v0.6.0 h1:ofyhxvXcZhMsU5ulbFiLKl/XBFqE1GSq7atu8tAmTRI=
github.com/google/go-cmp v0.6.0/go.mod h1:17dUlkBOakJ0+DkrSSNjCkIjxS6bF9zb3elmeNGIjoY=
github.com/inconshreveable/mousetrap v1.0.1/go.mod h1:vpF70FUmC8bwa3OWnCshd2FqLfsEA9PFc4w1p2J65bw=
github.com/inconshreveable/mousetrap v1.1.0 h1:wN+x4NVGpMsO7ErUn/mUI3vEoE6Jt13X2s0bqwp9tc8=
github.com/inconshreveable/mousetrap v1.1.0/go.mod h1:vpF70FUmC8bwa3OWnCshd2FqLfsEA9PFc4w1p2J65bw=
github.com/jmespath/go-jmespath v0.4.0 h1:BEgLn5cpjn8UN1mAw4NjwDrS35OdebyEtFe+9YPoQUg=
github.com/jmespath/go-jmespath v0.4.0/go.mod h1:T8mJZnbsbmF+m6zOOFylbeCJqk5+pHWvzYPziyZiYoo=
github.com/jmespath/go-jmespath/internal/testify v1.5.1 h1:shLQSRRSCCPj3f2gpwzGwWFoC7ycTf1rcQZHOlsJ6N8=
github.com/jmespath/go-jmespath/internal/testify v1.5.1/go.mod h1:L3OGu8Wl2/fWfCI6z80xFu9LTZmf1ZRjMHUOPmWr69U=
github.com/kr/pretty v0.2.1/go.mod h1:ipq/a2n7PKx3OHsz4KJII5eveXtPO4qwEXGdVfWzfnI=
github.com/kr/pretty v0.3.1 h1:flRD4NNwYAUpkphVc1HcthR4KEIFJ65n8Mw5qdRn3LE=
github.com/kr/pretty v0.3.1/go.mod h1:hoEshYVHaxMs3cyo3Yncou5ZscifuDolrwPKZanG3xk=
github.com/kr/pty v1.1.1/go.mod h1:pFQYn66WHrOpPYNljwOMqo10TkYh1fy3cYio2l3bCsQ=
github.com/kr/text v0.1.0/go.mod h1:4Jbv+DJW3UT/LiOwJeYQe1efqtUx/iVham/4vfdArNI=
github.com/kr/text v0.2.0 h1:5Nx0Ya0ZqY2ygV366QzturHI13Jq95ApcVaJBhpS+AY=
github.com/kr/text v0.2.0/go.mod h1:eLer722TekiGuMkidMxC/pM04lWEeraHUUmBw8l2grE=
github.com/pelletier/go-toml/v2 v2.2.3 h1:YmeHyLY8mFWbdkNWwpr+qIL2bEqT0o95WSdkNHvL12M=
github.com/pelletier/go-toml/v2 v2.2.3/go.mod h1:MfCQTFTvCcUyyvvwm1+G6H/jORL20Xlb6rzQu9GuUkc=
github.com/pkg/errors v0.9.1 h1:FEBLx1zS214owpjy7qsBeixbURkuhQAwrK5UwLGTwt4=
github.com/pkg/errors v0.9.1/go.mod h1:bwawxfHBFNV+L2hUp1rHADufV3IMtnDRdf1r5NINEl0=
github.com/pmezard/go-difflib v1.0.0 h1:4DBwDE0NGyQoBHbLQYPwSUPoCMWR5BEzIk/f1lZbAQM=
github.com/pmezard/go-difflib v1.0.0/go.mod h1:iKH77koFhYxTK1pcRnkKkqfTogsbg7gZNVY4sRDYZ/4=
github.com/rogpeppe/go-internal v1.9.0 h1:73kH8U+JUqXU8lRuOHeVHaa/SZPifC7BkcraZVejAe8=
github.com/rogpeppe/go-internal v1.9.0/go.mod h1:WtVeX8xhTBvf0smdhujwtBcq4Qrzq/fJaraNFVN+nFs=
github.com/russross/blackfriday/v2 v2.1.0/go.mod h1:+Rmxgy9KzJVeS9/2gXHxylqXiyQDYRxCVz55jmeOWTM=
github.com/sagikazarmark/locafero v0.7.0 h1:5MqpDsTGNDhY8sGp0Aowyf0qKsPrhewaLSsFaodPcyo=
github.com/sagikazarmark/locafero v0.7.0/go.mod h1:2za3Cg5rMaTMoG/2Ulr9AwtFaIppKXTRYnozin4aB5k=
github.com/sirupsen/logrus v1.7.0/go.mod h1:yWOB1SBYBC5VeMP7gHvWumXLIWorT60ONWic61uBYv0=
github.com/sirupsen/logrus v1.9.0 h1:trlNQbNUG3OdDrDil03MCb1H2o9nJ1x4/5LYw7byDE0=
github.com/sirupsen/logrus v1.9.0/go.mod h1:naHLuLoDiP4jHNo9R0sCBMtWGeIprob74mVsIT4qYEQ=
github.com/sourcegraph/conc v0.3.0 h1:OQTbbt6P72L20UqAkXXuLOj79LfEanQ+YQFNpLA9ySo=
github.com/sourcegraph/conc v0.3.0/go.mod h1:Sdozi7LEKbFPqYX2/J+iBAM6HpqSLTASQIKqDmF7Mt0=
github.com/spf13/afero v1.12.0 h1:UcOPyRBYczmFn6yvphxkn9ZEOY65cpwGKb5mL36mrqs=
github.com/spf13/afero v1.12.0/go.mod h1:ZTlWwG4/ahT8W7T0WQ5uYmjI9duaLQGy3Q2OAl4sk/4=
github.com/spf13/cast v1.7.1 h1:cuNEagBQEHWN1FnbGEjCXL2szYEXqfJPbP2HNUaca9Y=
github.com/spf13/cast v1.7.1/go.mod h1:ancEpBxwJDODSW/UG4rDrAqiKolqNNh2DX3mk86cAdo=
github.com/spf13/cobra v1.6.1 h1:o94oiPyS4KD1mPy2fmcYYHHfCxLqYjJOhGsCHFZtEzA=
github.com/spf13/cobra v1.6.1/go.mod h1:IOw/AERYS7UzyrGinqmz6HLUo219MORXGxhbaJUqzrY=
github.com/spf13/pflag v1.0.5/go.mod h1:McXfInJRrz4CZXVZOBLb0bTZqETkiAhM9Iw0y3An2Bg=
github.com/spf13/pflag v1.0.6 h1:jFzHGLGAlb3ruxLB8MhbI6A8+AQX/2eW4qeyNZXNp2o=
github.com/spf13/pflag v1.0.6/go.mod h1:McXfInJRrz4CZXVZOBLb0bTZqETkiAhM9Iw0y3An2Bg=
github.com/spf13/viper v1.20.1 h1:ZMi+z/lvLyPSCoNtFCpqjy0S4kPbirhpTMwl8BkW9X4=
github.com/spf13/viper v1.20.1/go.mod h1:P9Mdzt1zoHIG8m2eZQinpiBjo6kCmZSKBClNNqjJvu4=
github.com/stretchr/objx v0.1.0/go.mod h1:HFkY916IF+rwdDfMAkV7OtwuqBVzrE8GR6GFx+wExME=
github.com/stretchr/objx v0.4.0/go.mod h1:YvHI0jy2hoMjB+UWwv71VJQ9isScKT/TqJzVSSt89Yw=
github.com/stretchr/objx v0.5.0/go.mod h1:Yh+to48EsGEfYuaHDzXPcE3xhTkx73EhmCGUpEOglKo=
github.com/stretchr/objx v0.5.2 h1:xuMeJ0Sdp5ZMRXx/aWO6RZxdr3beISkG5/G/aIRr3pY=
github.com/stretchr/objx v0.5.2/go.mod h1:FRsXN1f5AsAjCGJKqEizvkpNtU+EGNCLh3NxZ/8L+MA=
github.com/stretchr/testify v1.2.2/go.mod h1:a8OnRcib4nhh0OaRAV+Yts87kKdq0PP7pXfy6kDkUVs=
github.com/stretchr/testify v1.3.0/go.mod h1:M5WIy9Dh21IEIfnGCwXGc5bZfKNJtfHm1UVUgZn+9EI=
github.com/stretchr/testify v1.7.0/go.mod h1:6Fq8oRcR53rry900zMqJjRRixrwX3KX962/h/Wwjteg=
github.com/stretchr/testify v1.7.1/go.mod h1:6Fq8oRcR53rry900zMqJjRRixrwX3KX962/h/Wwjteg=
github.com/stretchr/testify v1.8.0/go.mod h1:yNjHg4UonilssWZ8iaSj1OCr/vHnekPRkoO+kdMU+MU=
github.com/stretchr/testify v1.8.1/go.mod h1:w2LPCIKwWwSfY2zedu0+kehJoqGctiVI29o6fzry7u4=
github.com/stretchr/testify v1.10.0 h1:Xv5erBjTwe/5IxqUQTdXv5kgmIvbHo3QQyRwhJsOfJA=
github.com/stretchr/testify v1.10.0/go.mod h1:r2ic/lqez/lEtzL7wO/rwa5dbSLXVDPFyf8C91i36aY=
github.com/subosito/gotenv v1.6.0 h1:9NlTDc1FTs4qu0DDq7AEtTPNw6SVm7uBMsUCUjABIf8=
github.com/subosito/gotenv v1.6.0/go.mod h1:Dk4QP5c2W3ibzajGcXpNraDfq2IrhjMIvMSWPKKo0FU=
github.com/yuin/goldmark v1.3.5/go.mod h1:mwnBkeHKe2W/ZEtQ+71ViKU8L12m81fl3OWwC1Zlc8k=
go.uber.org/atomic v1.9.0 h1:ECmE8Bn/WFTYwEW/bpKD3M8VtR/zQVbavAoalC1PYyE=
go.uber.org/atomic v1.9.0/go.mod h1:fEN4uk6kAWBTFdckzkM89CLk9XfWZrxpCo0nPH17wJc=
go.uber.org/multierr v1.9.0 h1:7fIwc/ZtS0q++VgcfqFDxSBZVv/Xo49/SYnDFupUwlI=
go.uber.org/multierr v1.9.0/go.mod h1:X2jQV1h+kxSjClGpnseKVIxpmcjrj7MNnI0bnlfKTVQ=
golang.org/x/crypto v0.0.0-20190308221718-c2843e01d9a2/go.mod h1:djNgcEr1/C05ACkg1iLfiJU5Ep61QUkGW8qpdssI0+w=
golang.org/x/crypto v0.0.0-20191011191535-87dc89f01550/go.mod h1:yigFU9vqHzYiE8UmvKecakEJjdnWj3jj499lnFckfCI=
golang.org/x/mod v0.4.2/go.mod h1:s0Qsj1ACt9ePp/hMypM3fl4fZqREWJwdYDEqhRiZZUA=
golang.org/x/mod v0.17.0 h1:zY54UmvipHiNd+pm+m0x9KhZ9hl1/7QNMyxXbc6ICqA=
golang.org/x/mod v0.17.0/go.mod h1:hTbmBsO62+eylJbnUtE2MGJUyE7QWk4xUqPFrRgJ+7c=
golang.org/x/net v0.0.0-20190404232315-eb5bcb51f2a3/go.mod h1:t9HGtf8HONx5eT2rtn7q6eTqICYqUVnKs3thJo3Qplg=
golang.org/x/net v0.0.0-20190620200207-3b0461eec859/go.mod h1:z5CRVTTTmAJ677TzLLGU+0bjPO0LkuOLi4/5GtJWs/s=
golang.org/x/net v0.0.0-20210405180319-a5a99cb37ef4/go.mod h1:p54w0d4576C0XHj96bSt6lcn1PtDYWL6XObtHCRCNQM=
golang.org/x/sync v0.0.0-20190423024810-112230192c58/go.mod h1:RxMgew5VJxzue5/jJTE5uejpjVlOe/izrB70Jof72aM=
golang.org/x/sync v0.0.0-20210220032951-036812b2e83c/go.mod h1:RxMgew5VJxzue5/jJTE5uejpjVlOe/izrB70Jof72aM=
golang.org/x/sync v0.10.0 h1:3NQrjDixjgGwUOCaF8w2+VYHv0Ve/vGYSbdkTa98gmQ=
golang.org/x/sync v0.10.0/go.mod h1:Czt+wKu1gCyEFDUtn0jG5QVvpJ6rzVqr5aXyt9drQfk=
golang.org/x/sys v0.0.0-20190215142949-d0b11bdaac8a/go.mod h1:STP8DvDyc/dI5b8T5hshtkjS+E42TnysNCUPdjciGhY=
golang.org/x/sys v0.0.0-20190412213103-97732733099d/go.mod h1:h1NjWce9XRLGQEsW7wpKNCjG9DtNlClVuFLEZdDNbEs=
golang.org/x/sys v0.0.0-20191026070338-33540a1f6037/go.mod h1:h1NjWce9XRLGQEsW7wpKNCjG9DtNlClVuFLEZdDNbEs=
golang.org/x/sys v0.0.0-20201119102817-f84b799fce68/go.mod h1:h1NjWce9XRLGQEsW7wpKNCjG9DtNlClVuFLEZdDNbEs=
golang.org/x/sys v0.0.0-20210124154548-22da62e12c0c/go.mod h1:h1NjWce9XRLGQEsW7wpKNCjG9DtNlClVuFLEZdDNbEs=
golang.org/x/sys v0.0.0-20210330210617-4fbd30eecc44/go.mod h1:h1NjWce9XRLGQEsW7wpKNCjG9DtNlClVuFLEZdDNbEs=
golang.org/x/sys v0.0.0-20210510120138-977fb7262007/go.mod h1:oPkhp1MJrh7nUepCBck5+mAzfO9JrbApNNgaTdGDITg=
golang.org/x/sys v0.0.0-20220715151400-c0bba94af5f8/go.mod h1:oPkhp1MJrh7nUepCBck5+mAzfO9JrbApNNgaTdGDITg=
golang.org/x/sys v0.29.0 h1:TPYlXGxvx1MGTn2GiZDhnjPA9wZzZeGKHHmKhHYvgaU=
golang.org/x/sys v0.29.0/go.mod h1:/VUhepiaJMQUp4+oa/7Zr1D23ma6VTLIYjOOTFZPUcA=
golang.org/x/term v0.0.0-20201126162022-7de9c90e9dd1/go.mod h1:bj7SfCRtBDWHUb9snDiAeCFNEtKQo2Wmx5Cou7ajbmo=
golang.org/x/text v0.3.0/go.mod h1:NqM8EUOU14njkJ3fqMW+pc6Ldnwhi/IjpwHt7yyuwOQ=
golang.org/x/text v0.3.3/go.mod h1:5Zoc/QRtKVWzQhOtBMvqHzDpF6irO9z98xDceosuGiQ=
golang.org/x/text v0.21.0 h1:zyQAAkrwaneQ066sspRyJaG9VNi/YJ1NfzcGB3hZ/qo=
golang.org/x/text v0.21.0/go.mod h1:4IBbMaMmOPCJ8SecivzSH54+73PCFmPWxNTLm+vZkEQ=
golang.org/x/tools v0.0.0-20180917221912-90fa682c2a6e/go.mod h1:n7NCudcB/nEzxVGmLbDWY5pfWTLqBcC2KZ6jyYvM4mQ=
golang.org/x/tools v0.0.0-20191119224855-298f0cb1881e/go.mod h1:b+2E5dAYhXwXZwtnZ6UAqBI28+e2cm9otk0dWdXHAEo=
golang.org/x/tools v0.1.1/go.mod h1:o0xws9oXOQQZyjljx8fwUC0k7L1pTE6eaCbjGeHmOkk=
golang.org/x/tools v0.21.1-0.20240508182429-e35e4ccd0d2d h1:vU5i/LfpvrRCpgM/VPfJLg5KjxD3E+hfT1SH+d9zLwg=
golang.org/x/tools v0.21.1-0.20240508182429-e35e4ccd0d2d/go.mod h1:aiJjzUbINMkxbQROHiO6hDPo2LHcIPhhQsa9DLh0yGk=
golang.org/x/xerrors v0.0.0-20190717185122-a985d3407aa7/go.mod h1:I/5z698sn9Ka8TeJc9MKroUUfqBBauWjQqLJ2OPfmY0=
golang.org/x/xerrors v0.0.0-20191011141410-1b5146add898/go.mod h1:I/5z698sn9Ka8TeJc9MKroUUfqBBauWjQqLJ2OPfmY0=
golang.org/x/xerrors v0.0.0-20200804184101-5ec99f83aff1/go.mod h1:I/5z698sn9Ka8TeJc9MKroUUfqBBauWjQqLJ2OPfmY0=
gopkg.in/check.v1 v0.0.0-20161208181325-20d25e280405/go.mod h1:Co6ibVJAznAaIkqp8huTwlJQCZ016jof/cbN4VW5Yz0=
gopkg.in/check.v1 v1.0.0-20201130134442-10cb98267c6c h1:Hei/4ADfdWqJk1ZMxUNpqntNwaWcugrBjAiHlqqRiVk=
gopkg.in/check.v1 v1.0.0-20201130134442-10cb98267c6c/go.mod h1:JHkPIbrfpd72SG/EVd6muEfDQjcINNoR0C8j2r3qZ4Q=
gopkg.in/yaml.v2 v2.2.8/go.mod h1:hI93XBmqTisBFMUTm0b8Fm+jr3Dg1NNxqwp+5A1VGuI=
gopkg.in/yaml.v2 v2.4.0 h1:D8xgwECY7CYvx+Y2n4sBz93Jn9JRvxdiyyo8CTfuKaY=
gopkg.in/yaml.v2 v2.4.0/go.mod h1:RDklbk79AGWmwhnvt/jBztapEOGDOx6ZbXqjP6csGnQ=
gopkg.in/yaml.v3 v3.0.0-20200313102051-9f266ea9e77c/go.mod h1:K4uyk7z7BCEPqu6E+C64Yfv1cQ7kz7rIZviUmN+EgEM=
gopkg.in/yaml.v3 v3.0.1 h1:fxVm/GzAzEWqLHuvctI91KS9hhNmmWOoWu0XTYJS7CA=
gopkg.in/yaml.v3 v3.0.1/go.mod h1:K4uyk7z7BCEPqu6E+C64Yfv1cQ7kz7rIZviUmN+EgEM=
